{
  "version": 4,
  "terraform_version": "1.0.11",
  "serial": 341,
  "lineage": "a070306c-f189-fdca-4ca2-cbf855651109",
  "outputs": {
    "instance_id": {
      "value": "i-0f072220397867369",
      "type": "string"
    },
    "instance_public_ip": {
      "value": "18.234.43.41",
      "type": "string"
    }
  },
  "resources": [
    {
      "mode": "data",
      "type": "http",
      "name": "myip",
      "provider": "provider[\"registry.terraform.io/hashicorp/http\"]",
      "instances": [
        {
          "schema_version": 0,
          "attributes": {
            "body": "62.57.177.179\n",
            "id": "http://ipv4.icanhazip.com",
            "request_headers": null,
            "response_headers": {
              "Access-Control-Allow-Methods": "GET",
              "Access-Control-Allow-Origin": "*",
              "Alt-Svc": "h3=\":443\"; ma=86400, h3-29=\":443\"; ma=86400",
              "Cf-Ray": "6d8bd4a22cdb69f4-MAD",
              "Connection": "keep-alive",
              "Content-Length": "14",
              "Content-Type": "text/plain",
              "Date": "Sat, 05 Feb 2022 11:34:37 GMT",
              "Server": "cloudflare",
              "Set-Cookie": "__cf_bm=bsW3.RDdEAe_NpIG3EdyEdzzuJnn5C_N25F3Hxf_cKE-1644060877-0-ATHaaehZC5ZJ2vn/nHZar0/InCR1rVlQrYkLVppJOTkYAvRJlJfNp47R9N7HdXLinUZ5sXLc8KTc+lMGJQSPOcg=; path=/; expires=Sat, 05-Feb-22 12:04:37 GMT; domain=.icanhazip.com; HttpOnly; SameSite=None",
              "Vary": "Accept-Encoding"
            },
            "url": "http://ipv4.icanhazip.com"
          },
          "sensitive_attributes": []
        }
      ]
    },
    {
      "mode": "data",
      "type": "template_file",
      "name": "user_data",
      "provider": "provider[\"registry.terraform.io/hashicorp/template\"]",
      "instances": [
        {
          "schema_version": 0,
          "attributes": {
            "filename": null,
            "id": "5e83dc79b6b737c1d6f2b52877dd764cd758fe4e588dfed685121297e03b9589",
            "rendered": "#cloud-config\nhostname: test\nfqdn: test.jdalabs.edu\nmanage_etc_hosts: true\n\nusers:\n  - name: alumne\n    sudo: ALL=(ALL) NOPASSWD:ALL\n    groups: users, wheel\n    home: /home/alumne\n    shell: /bin/bash\n    lock_passwd: false\n    ssh-authorized-keys:\n      - ssh-ed25519 AAAAC3NzaC1lZDI1NTE5AAAAIM2Yj2PpGone73WLhnUHKgImYr5pMx0tujIf94QsAQPg clau demo\n\n\n# only cert auth via ssh (console access can still login)\n## debug - ssh_pwauth: true\nssh_pwauth: false\ndisable_root: false\n\nchpasswd:\n  list: |\n     alumne:alumne\n     root:redhat\n  expire: False\n\npackages:\n  - qemu-guest-agent\n\n# test of writing content\nwrite_files:\n  - content: |\n      The quick brown fox jumped\n      over the lazy dog\n    path: /root/test.txt\n\n# every boot!! \nbootcmd:\n  - echo `date` | tee -a /root/boottimes\n\n# run once\n# avoid dns resolution when ssh'ing into centos-vm\nruncmd:\n  - sed -i 's/#UseDNS yes/UseDNS no/' /etc/ssh/sshd_config\n  - systemctl restart sshd\n  - localectl set-keymap es\n  - localectl set-locale LANG=ca_ES.UTF8\n\n# written to /var/log/cloud-init-output.log\nfinal_message: \"The system is finall up, after $UPTIME seconds\"\n\n\n",
            "template": "#cloud-config\nhostname: test\nfqdn: test.jdalabs.edu\nmanage_etc_hosts: true\n\nusers:\n  - name: alumne\n    sudo: ALL=(ALL) NOPASSWD:ALL\n    groups: users, wheel\n    home: /home/alumne\n    shell: /bin/bash\n    lock_passwd: false\n    ssh-authorized-keys:\n      - ${file(\"joc-key-pair.pub\")}\n\n# only cert auth via ssh (console access can still login)\n## debug - ssh_pwauth: true\nssh_pwauth: false\ndisable_root: false\n\nchpasswd:\n  list: |\n     alumne:alumne\n     root:redhat\n  expire: False\n\npackages:\n  - qemu-guest-agent\n\n# test of writing content\nwrite_files:\n  - content: |\n      The quick brown fox jumped\n      over the lazy dog\n    path: /root/test.txt\n\n# every boot!! \nbootcmd:\n  - echo `date` | tee -a /root/boottimes\n\n# run once\n# avoid dns resolution when ssh'ing into centos-vm\nruncmd:\n  - sed -i 's/#UseDNS yes/UseDNS no/' /etc/ssh/sshd_config\n  - systemctl restart sshd\n  - localectl set-keymap es\n  - localectl set-locale LANG=ca_ES.UTF8\n\n# written to /var/log/cloud-init-output.log\nfinal_message: \"The system is finall up, after $UPTIME seconds\"\n\n\n",
            "vars": null
          },
          "sensitive_attributes": []
        }
      ]
    },
    {
      "mode": "managed",
      "type": "aws_instance",
      "name": "instance",
      "provider": "provider[\"registry.terraform.io/hashicorp/aws\"]",
      "instances": [
        {
          "schema_version": 1,
          "attributes": {
            "ami": "ami-04505e74c0741db8d",
            "arn": "arn:aws:ec2:us-east-1:807649330085:instance/i-0f072220397867369",
            "associate_public_ip_address": true,
            "availability_zone": "us-east-1a",
            "capacity_reservation_specification": [
              {
                "capacity_reservation_preference": "open",
                "capacity_reservation_target": []
              }
            ],
            "cpu_core_count": 1,
            "cpu_threads_per_core": 1,
            "credit_specification": [
              {
                "cpu_credits": "standard"
              }
            ],
            "disable_api_termination": false,
            "ebs_block_device": [],
            "ebs_optimized": false,
            "enclave_options": [
              {
                "enabled": false
              }
            ],
            "ephemeral_block_device": [],
            "get_password_data": false,
            "hibernation": false,
            "host_id": null,
            "iam_instance_profile": "",
            "id": "i-0f072220397867369",
            "instance_initiated_shutdown_behavior": "stop",
            "instance_state": "running",
            "instance_type": "t2.small",
            "ipv6_address_count": 0,
            "ipv6_addresses": [],
            "key_name": "joc-key-pair",
            "launch_template": [],
            "metadata_options": [
              {
                "http_endpoint": "enabled",
                "http_put_response_hop_limit": 1,
                "http_tokens": "optional"
              }
            ],
            "monitoring": false,
            "network_interface": [],
            "outpost_arn": "",
            "password_data": "",
            "placement_group": "",
            "placement_partition_number": null,
            "primary_network_interface_id": "eni-08f5d39d9d3134a85",
            "private_dns": "ip-10-0-1-197.ec2.internal",
            "private_ip": "10.0.1.197",
            "public_dns": "ec2-18-234-43-41.compute-1.amazonaws.com",
            "public_ip": "18.234.43.41",
            "root_block_device": [
              {
                "delete_on_termination": true,
                "device_name": "/dev/sda1",
                "encrypted": false,
                "iops": 100,
                "kms_key_id": "",
                "tags": {},
                "throughput": 0,
                "volume_id": "vol-02ad271d99564e2be",
                "volume_size": 8,
                "volume_type": "gp2"
              }
            ],
            "secondary_private_ips": [],
            "security_groups": [],
            "source_dest_check": true,
            "subnet_id": "subnet-02cca964d4eb7d9c9",
            "tags": {
              "KeepInstanceRunning": "false",
              "Name": "change.me-instance",
              "Owner": "change.me"
            },
            "tags_all": {
              "KeepInstanceRunning": "false",
              "Name": "change.me-instance",
              "Owner": "change.me"
            },
            "tenancy": "default",
            "timeouts": null,
            "user_data": "a8cab5aeb5be24d811d3db0b94228ae02cbb6026",
            "user_data_base64": null,
            "volume_tags": null,
            "vpc_security_group_ids": [
              "sg-0514aabe9539549b7"
            ]
          },
          "sensitive_attributes": [],
          "private": "eyJlMmJmYjczMC1lY2FhLTExZTYtOGY4OC0zNDM2M2JjN2M0YzAiOnsiY3JlYXRlIjo2MDAwMDAwMDAwMDAsImRlbGV0ZSI6MTIwMDAwMDAwMDAwMCwidXBkYXRlIjo2MDAwMDAwMDAwMDB9LCJzY2hlbWFfdmVyc2lvbiI6IjEifQ==",
          "dependencies": [
            "aws_key_pair.keypair",
            "aws_security_group.sg",
            "aws_subnet.subnet"
          ]
        }
      ]
    },
    {
      "mode": "managed",
      "type": "aws_internet_gateway",
      "name": "igw",
      "provider": "provider[\"registry.terraform.io/hashicorp/aws\"]",
      "instances": [
        {
          "schema_version": 0,
          "attributes": {
            "arn": "arn:aws:ec2:us-east-1:807649330085:internet-gateway/igw-0692fc8783001c0ad",
            "id": "igw-0692fc8783001c0ad",
            "owner_id": "807649330085",
            "tags": {
              "Name": "change.me-igw",
              "Owner": "change.me"
            },
            "tags_all": {
              "Name": "change.me-igw",
              "Owner": "change.me"
            },
            "vpc_id": "vpc-0df5217a7d6826c10"
          },
          "sensitive_attributes": [],
          "private": "bnVsbA==",
          "dependencies": [
            "aws_vpc.vpc"
          ]
        }
      ]
    },
    {
      "mode": "managed",
      "type": "aws_key_pair",
      "name": "keypair",
      "provider": "provider[\"registry.terraform.io/hashicorp/aws\"]",
      "instances": [
        {
          "schema_version": 1,
          "attributes": {
            "arn": "arn:aws:ec2:us-east-1:807649330085:key-pair/joc-key-pair",
            "fingerprint": "0SiikO3Oo6+G+EPwgO2Aa9RhYgzQkkJPZWzW+eMoF7g=",
            "id": "joc-key-pair",
            "key_name": "joc-key-pair",
            "key_name_prefix": "",
            "key_pair_id": "key-048646ae9469d6745",
            "public_key": "ssh-ed25519 AAAAC3NzaC1lZDI1NTE5AAAAIM2Yj2PpGone73WLhnUHKgImYr5pMx0tujIf94QsAQPg clau demo",
            "tags": {},
            "tags_all": {}
          },
          "sensitive_attributes": [],
          "private": "eyJzY2hlbWFfdmVyc2lvbiI6IjEifQ=="
        }
      ]
    },
    {
      "mode": "managed",
      "type": "aws_route_table",
      "name": "rt",
      "provider": "provider[\"registry.terraform.io/hashicorp/aws\"]",
      "instances": [
        {
          "schema_version": 0,
          "attributes": {
            "arn": "arn:aws:ec2:us-east-1:807649330085:route-table/rtb-04714f07212aff4ae",
            "id": "rtb-04714f07212aff4ae",
            "owner_id": "807649330085",
            "propagating_vgws": [],
            "route": [
              {
                "carrier_gateway_id": "",
                "cidr_block": "0.0.0.0/0",
                "destination_prefix_list_id": "",
                "egress_only_gateway_id": "",
                "gateway_id": "igw-0692fc8783001c0ad",
                "instance_id": "",
                "ipv6_cidr_block": "",
                "local_gateway_id": "",
                "nat_gateway_id": "",
                "network_interface_id": "",
                "transit_gateway_id": "",
                "vpc_endpoint_id": "",
                "vpc_peering_connection_id": ""
              }
            ],
            "tags": {
              "Name": "change.me-rt",
              "Owner": "change.me"
            },
            "tags_all": {
              "Name": "change.me-rt",
              "Owner": "change.me"
            },
            "timeouts": null,
            "vpc_id": "vpc-0df5217a7d6826c10"
          },
          "sensitive_attributes": [],
          "private": "eyJlMmJmYjczMC1lY2FhLTExZTYtOGY4OC0zNDM2M2JjN2M0YzAiOnsiY3JlYXRlIjoxMjAwMDAwMDAwMDAsImRlbGV0ZSI6MzAwMDAwMDAwMDAwLCJ1cGRhdGUiOjEyMDAwMDAwMDAwMH19",
          "dependencies": [
            "aws_internet_gateway.igw",
            "aws_vpc.vpc"
          ]
        }
      ]
    },
    {
      "mode": "managed",
      "type": "aws_route_table_association",
      "name": "rt_sbn_asso",
      "provider": "provider[\"registry.terraform.io/hashicorp/aws\"]",
      "instances": [
        {
          "schema_version": 0,
          "attributes": {
            "gateway_id": "",
            "id": "rtbassoc-0c3ad88c9809a7cef",
            "route_table_id": "rtb-04714f07212aff4ae",
            "subnet_id": "subnet-02cca964d4eb7d9c9"
          },
          "sensitive_attributes": [],
          "private": "bnVsbA==",
          "dependencies": [
            "aws_internet_gateway.igw",
            "aws_route_table.rt",
            "aws_subnet.subnet",
            "aws_vpc.vpc"
          ]
        }
      ]
    },
    {
      "mode": "managed",
      "type": "aws_security_group",
      "name": "sg",
      "provider": "provider[\"registry.terraform.io/hashicorp/aws\"]",
      "instances": [
        {
          "schema_version": 1,
          "attributes": {
            "arn": "arn:aws:ec2:us-east-1:807649330085:security-group/sg-0514aabe9539549b7",
            "description": "Allow inbound traffic via SSH",
            "egress": [
              {
                "cidr_blocks": [
                  "0.0.0.0/0"
                ],
                "description": "All traffic",
                "from_port": 0,
                "ipv6_cidr_blocks": [],
                "prefix_list_ids": [],
                "protocol": "-1",
                "security_groups": [],
                "self": false,
                "to_port": 0
              }
            ],
            "id": "sg-0514aabe9539549b7",
            "ingress": [
              {
                "cidr_blocks": [
                  "0.0.0.0/0"
                ],
                "description": "email",
                "from_port": 143,
                "ipv6_cidr_blocks": [],
                "prefix_list_ids": [],
                "protocol": "tcp",
                "security_groups": [],
                "self": false,
                "to_port": 143
              },
              {
                "cidr_blocks": [
                  "0.0.0.0/0"
                ],
                "description": "email",
                "from_port": 25,
                "ipv6_cidr_blocks": [],
                "prefix_list_ids": [],
                "protocol": "tcp",
                "security_groups": [],
                "self": false,
                "to_port": 25
              },
              {
                "cidr_blocks": [
                  "0.0.0.0/0"
                ],
                "description": "email",
                "from_port": 993,
                "ipv6_cidr_blocks": [],
                "prefix_list_ids": [],
                "protocol": "tcp",
                "security_groups": [],
                "self": false,
                "to_port": 993
              },
              {
                "cidr_blocks": [
                  "0.0.0.0/0"
                ],
                "description": "email",
                "from_port": 995,
                "ipv6_cidr_blocks": [],
                "prefix_list_ids": [],
                "protocol": "tcp",
                "security_groups": [],
                "self": false,
                "to_port": 995
              },
              {
                "cidr_blocks": [
                  "0.0.0.0/0"
                ],
                "description": "http",
                "from_port": 80,
                "ipv6_cidr_blocks": [],
                "prefix_list_ids": [],
                "protocol": "tcp",
                "security_groups": [],
                "self": false,
                "to_port": 80
              },
              {
                "cidr_blocks": [
                  "0.0.0.0/0"
                ],
                "description": "https",
                "from_port": 443,
                "ipv6_cidr_blocks": [],
                "prefix_list_ids": [],
                "protocol": "tcp",
                "security_groups": [],
                "self": false,
                "to_port": 443
              },
              {
                "cidr_blocks": [
                  "0.0.0.0/0"
                ],
                "description": "pop3l",
                "from_port": 110,
                "ipv6_cidr_blocks": [],
                "prefix_list_ids": [],
                "protocol": "tcp",
                "security_groups": [],
                "self": false,
                "to_port": 110
              },
              {
                "cidr_blocks": [
                  "0.0.0.0/0"
                ],
                "description": "starttls smpt",
                "from_port": 587,
                "ipv6_cidr_blocks": [],
                "prefix_list_ids": [],
                "protocol": "tcp",
                "security_groups": [],
                "self": false,
                "to_port": 587
              },
              {
                "cidr_blocks": [
                  "62.57.177.179/32"
                ],
                "description": "My public IP",
                "from_port": 22,
                "ipv6_cidr_blocks": [],
                "prefix_list_ids": [],
                "protocol": "tcp",
                "security_groups": [],
                "self": false,
                "to_port": 22
              }
            ],
            "name": "change.me-sg",
            "name_prefix": "",
            "owner_id": "807649330085",
            "revoke_rules_on_delete": false,
            "tags": {
              "Name": "change.me-sg",
              "Owner": "change.me"
            },
            "tags_all": {
              "Name": "change.me-sg",
              "Owner": "change.me"
            },
            "timeouts": null,
            "vpc_id": "vpc-0df5217a7d6826c10"
          },
          "sensitive_attributes": [],
          "private": "eyJlMmJmYjczMC1lY2FhLTExZTYtOGY4OC0zNDM2M2JjN2M0YzAiOnsiY3JlYXRlIjo2MDAwMDAwMDAwMDAsImRlbGV0ZSI6OTAwMDAwMDAwMDAwfSwic2NoZW1hX3ZlcnNpb24iOiIxIn0=",
          "dependencies": [
            "aws_vpc.vpc",
            "data.http.myip"
          ]
        }
      ]
    },
    {
      "mode": "managed",
      "type": "aws_subnet",
      "name": "subnet",
      "provider": "provider[\"registry.terraform.io/hashicorp/aws\"]",
      "instances": [
        {
          "schema_version": 1,
          "attributes": {
            "arn": "arn:aws:ec2:us-east-1:807649330085:subnet/subnet-02cca964d4eb7d9c9",
            "assign_ipv6_address_on_creation": false,
            "availability_zone": "us-east-1a",
            "availability_zone_id": "use1-az6",
            "cidr_block": "10.0.1.0/24",
            "customer_owned_ipv4_pool": "",
            "id": "subnet-02cca964d4eb7d9c9",
            "ipv6_cidr_block": "",
            "ipv6_cidr_block_association_id": "",
            "map_customer_owned_ip_on_launch": false,
            "map_public_ip_on_launch": true,
            "outpost_arn": "",
            "owner_id": "807649330085",
            "tags": {
              "Name": "change.me-subnet",
              "Owner": "change.me"
            },
            "tags_all": {
              "Name": "change.me-subnet",
              "Owner": "change.me"
            },
            "timeouts": null,
            "vpc_id": "vpc-0df5217a7d6826c10"
          },
          "sensitive_attributes": [],
          "private": "eyJlMmJmYjczMC1lY2FhLTExZTYtOGY4OC0zNDM2M2JjN2M0YzAiOnsiY3JlYXRlIjo2MDAwMDAwMDAwMDAsImRlbGV0ZSI6MTIwMDAwMDAwMDAwMH0sInNjaGVtYV92ZXJzaW9uIjoiMSJ9",
          "dependencies": [
            "aws_vpc.vpc"
          ]
        }
      ]
    },
    {
      "mode": "managed",
      "type": "aws_vpc",
      "name": "vpc",
      "provider": "provider[\"registry.terraform.io/hashicorp/aws\"]",
      "instances": [
        {
          "schema_version": 1,
          "attributes": {
            "arn": "arn:aws:ec2:us-east-1:807649330085:vpc/vpc-0df5217a7d6826c10",
            "assign_generated_ipv6_cidr_block": false,
            "cidr_block": "10.0.0.0/16",
            "default_network_acl_id": "acl-0eb45380d9a8cc43e",
            "default_route_table_id": "rtb-0a52badccc2eefa73",
            "default_security_group_id": "sg-0e80bb15626051f82",
            "dhcp_options_id": "dopt-00bae32c3f6a95f67",
            "enable_classiclink": false,
            "enable_classiclink_dns_support": false,
            "enable_dns_hostnames": true,
            "enable_dns_support": true,
            "id": "vpc-0df5217a7d6826c10",
            "instance_tenancy": "default",
            "ipv6_association_id": "",
            "ipv6_cidr_block": "",
            "main_route_table_id": "rtb-0a52badccc2eefa73",
            "owner_id": "807649330085",
            "tags": {
              "Name": "change.me-vpc",
              "Owner": "change.me"
            },
            "tags_all": {
              "Name": "change.me-vpc",
              "Owner": "change.me"
            }
          },
          "sensitive_attributes": [],
          "private": "eyJzY2hlbWFfdmVyc2lvbiI6IjEifQ=="
        }
      ]
    }
  ]
}
